// !$*UTF8*$!
{
	archiveVersion = 1;
	classes = {
	};
	objectVersion = 56;
	objects = {

/* Begin PBXBuildFile section */
		2AD92E33293ED42B00CCB1F2 /* AppDelegate.swift in Sources */ = {isa = PBXBuildFile; fileRef = 2AD92E32293ED42B00CCB1F2 /* AppDelegate.swift */; };
		2AD92E35293ED42B00CCB1F2 /* SceneDelegate.swift in Sources */ = {isa = PBXBuildFile; fileRef = 2AD92E34293ED42B00CCB1F2 /* SceneDelegate.swift */; };
		2AD92E37293ED42B00CCB1F2 /* ViewController.swift in Sources */ = {isa = PBXBuildFile; fileRef = 2AD92E36293ED42B00CCB1F2 /* ViewController.swift */; };
		2AD92E3A293ED42B00CCB1F2 /* Main.storyboard in Resources */ = {isa = PBXBuildFile; fileRef = 2AD92E38293ED42B00CCB1F2 /* Main.storyboard */; };
		2AD92E3C293ED42D00CCB1F2 /* Assets.xcassets in Resources */ = {isa = PBXBuildFile; fileRef = 2AD92E3B293ED42D00CCB1F2 /* Assets.xcassets */; };
		2AD92E3F293ED42D00CCB1F2 /* LaunchScreen.storyboard in Resources */ = {isa = PBXBuildFile; fileRef = 2AD92E3D293ED42D00CCB1F2 /* LaunchScreen.storyboard */; };
		2AD92E4A293ED42D00CCB1F2 /* sns_sampleTests.swift in Sources */ = {isa = PBXBuildFile; fileRef = 2AD92E49293ED42D00CCB1F2 /* sns_sampleTests.swift */; };
		2AD92E54293ED42D00CCB1F2 /* sns_sampleUITests.swift in Sources */ = {isa = PBXBuildFile; fileRef = 2AD92E53293ED42D00CCB1F2 /* sns_sampleUITests.swift */; };
		2AD92E56293ED42D00CCB1F2 /* sns_sampleUITestsLaunchTests.swift in Sources */ = {isa = PBXBuildFile; fileRef = 2AD92E55293ED42D00CCB1F2 /* sns_sampleUITestsLaunchTests.swift */; };
		2AD92E63293ED85700CCB1F2 /* GoogleService-Info.plist in Resources */ = {isa = PBXBuildFile; fileRef = 2AD92E62293ED85700CCB1F2 /* GoogleService-Info.plist */; };
		2AD92E66293EDA3000CCB1F2 /* FirebaseAuth in Frameworks */ = {isa = PBXBuildFile; productRef = 2AD92E65293EDA3000CCB1F2 /* FirebaseAuth */; };
		2AD92E68293EDA3000CCB1F2 /* FirebaseAuthCombine-Community in Frameworks */ = {isa = PBXBuildFile; productRef = 2AD92E67293EDA3000CCB1F2 /* FirebaseAuthCombine-Community */; };
		2AD92E6A293EDA3000CCB1F2 /* FirebaseFirestore in Frameworks */ = {isa = PBXBuildFile; productRef = 2AD92E69293EDA3000CCB1F2 /* FirebaseFirestore */; };
		2AD92E6C293EDA3000CCB1F2 /* FirebaseFirestoreCombine-Community in Frameworks */ = {isa = PBXBuildFile; productRef = 2AD92E6B293EDA3000CCB1F2 /* FirebaseFirestoreCombine-Community */; };
		2AD92E6E293EDA3000CCB1F2 /* FirebaseFirestoreSwift in Frameworks */ = {isa = PBXBuildFile; productRef = 2AD92E6D293EDA3000CCB1F2 /* FirebaseFirestoreSwift */; };
		2AD92E70293EDA3000CCB1F2 /* FirebaseStorage in Frameworks */ = {isa = PBXBuildFile; productRef = 2AD92E6F293EDA3000CCB1F2 /* FirebaseStorage */; };
		2AD92E72293EDA3000CCB1F2 /* FirebaseStorageCombine-Community in Frameworks */ = {isa = PBXBuildFile; productRef = 2AD92E71293EDA3000CCB1F2 /* FirebaseStorageCombine-Community */; };
		2AD92E74293F110F00CCB1F2 /* TopViewController.swift in Sources */ = {isa = PBXBuildFile; fileRef = 2AD92E73293F110F00CCB1F2 /* TopViewController.swift */; };
/* End PBXBuildFile section */

/* Begin PBXContainerItemProxy section */
		2AD92E46293ED42D00CCB1F2 /* PBXContainerItemProxy */ = {
			isa = PBXContainerItemProxy;
			containerPortal = 2AD92E27293ED42B00CCB1F2 /* Project object */;
			proxyType = 1;
			remoteGlobalIDString = 2AD92E2E293ED42B00CCB1F2;
			remoteInfo = sns_sample;
		};
		2AD92E50293ED42D00CCB1F2 /* PBXContainerItemProxy */ = {
			isa = PBXContainerItemProxy;
			containerPortal = 2AD92E27293ED42B00CCB1F2 /* Project object */;
			proxyType = 1;
			remoteGlobalIDString = 2AD92E2E293ED42B00CCB1F2;
			remoteInfo = sns_sample;
		};
/* End PBXContainerItemProxy section */

/* Begin PBXFileReference section */
		2AD92E2F293ED42B00CCB1F2 /* sns_sample.app */ = {isa = PBXFileReference; explicitFileType = wrapper.application; includeInIndex = 0; path = sns_sample.app; sourceTree = BUILT_PRODUCTS_DIR; };
		2AD92E32293ED42B00CCB1F2 /* AppDelegate.swift */ = {isa = PBXFileReference; lastKnownFileType = sourcecode.swift; path = AppDelegate.swift; sourceTree = "<group>"; };
		2AD92E34293ED42B00CCB1F2 /* SceneDelegate.swift */ = {isa = PBXFileReference; lastKnownFileType = sourcecode.swift; path = SceneDelegate.swift; sourceTree = "<group>"; };
		2AD92E36293ED42B00CCB1F2 /* ViewController.swift */ = {isa = PBXFileReference; lastKnownFileType = sourcecode.swift; path = ViewController.swift; sourceTree = "<group>"; };
		2AD92E39293ED42B00CCB1F2 /* Base */ = {isa = PBXFileReference; lastKnownFileType = file.storyboard; name = Base; path = Base.lproj/Main.storyboard; sourceTree = "<group>"; };
		2AD92E3B293ED42D00CCB1F2 /* Assets.xcassets */ = {isa = PBXFileReference; lastKnownFileType = folder.assetcatalog; path = Assets.xcassets; sourceTree = "<group>"; };
		2AD92E3E293ED42D00CCB1F2 /* Base */ = {isa = PBXFileReference; lastKnownFileType = file.storyboard; name = Base; path = Base.lproj/LaunchScreen.storyboard; sourceTree = "<group>"; };
		2AD92E40293ED42D00CCB1F2 /* Info.plist */ = {isa = PBXFileReference; lastKnownFileType = text.plist.xml; path = Info.plist; sourceTree = "<group>"; };
		2AD92E45293ED42D00CCB1F2 /* sns_sampleTests.xctest */ = {isa = PBXFileReference; explicitFileType = wrapper.cfbundle; includeInIndex = 0; path = sns_sampleTests.xctest; sourceTree = BUILT_PRODUCTS_DIR; };
		2AD92E49293ED42D00CCB1F2 /* sns_sampleTests.swift */ = {isa = PBXFileReference; lastKnownFileType = sourcecode.swift; path = sns_sampleTests.swift; sourceTree = "<group>"; };
		2AD92E4F293ED42D00CCB1F2 /* sns_sampleUITests.xctest */ = {isa = PBXFileReference; explicitFileType = wrapper.cfbundle; includeInIndex = 0; path = sns_sampleUITests.xctest; sourceTree = BUILT_PRODUCTS_DIR; };
		2AD92E53293ED42D00CCB1F2 /* sns_sampleUITests.swift */ = {isa = PBXFileReference; lastKnownFileType = sourcecode.swift; path = sns_sampleUITests.swift; sourceTree = "<group>"; };
		2AD92E55293ED42D00CCB1F2 /* sns_sampleUITestsLaunchTests.swift */ = {isa = PBXFileReference; lastKnownFileType = sourcecode.swift; path = sns_sampleUITestsLaunchTests.swift; sourceTree = "<group>"; };
		2AD92E62293ED85700CCB1F2 /* GoogleService-Info.plist */ = {isa = PBXFileReference; fileEncoding = 4; lastKnownFileType = text.plist.xml; path = "GoogleService-Info.plist"; sourceTree = "<group>"; };
		2AD92E73293F110F00CCB1F2 /* TopViewController.swift */ = {isa = PBXFileReference; lastKnownFileType = sourcecode.swift; path = TopViewController.swift; sourceTree = "<group>"; };
/* End PBXFileReference section */

/* Begin PBXFrameworksBuildPhase section */
		2AD92E2C293ED42B00CCB1F2 /* Frameworks */ = {
			isa = PBXFrameworksBuildPhase;
			buildActionMask = 2147483647;
			files = (
				2AD92E6E293EDA3000CCB1F2 /* FirebaseFirestoreSwift in Frameworks */,
				2AD92E72293EDA3000CCB1F2 /* FirebaseStorageCombine-Community in Frameworks */,
				2AD92E66293EDA3000CCB1F2 /* FirebaseAuth in Frameworks */,
				2AD92E6C293EDA3000CCB1F2 /* FirebaseFirestoreCombine-Community in Frameworks */,
				2AD92E68293EDA3000CCB1F2 /* FirebaseAuthCombine-Community in Frameworks */,
				2AD92E6A293EDA3000CCB1F2 /* FirebaseFirestore in Frameworks */,
				2AD92E70293EDA3000CCB1F2 /* FirebaseStorage in Frameworks */,
			);
			runOnlyForDeploymentPostprocessing = 0;
		};
		2AD92E42293ED42D00CCB1F2 /* Frameworks */ = {
			isa = PBXFrameworksBuildPhase;
			buildActionMask = 2147483647;
			files = (
			);
			runOnlyForDeploymentPostprocessing = 0;
		};
		2AD92E4C293ED42D00CCB1F2 /* Frameworks */ = {
			isa = PBXFrameworksBuildPhase;
			buildActionMask = 2147483647;
			files = (
			);
			runOnlyForDeploymentPostprocessing = 0;
		};
/* End PBXFrameworksBuildPhase section */

/* Begin PBXGroup section */
		2AD92E26293ED42B00CCB1F2 = {
			isa = PBXGroup;
			children = (
				2AD92E31293ED42B00CCB1F2 /* sns_sample */,
				2AD92E48293ED42D00CCB1F2 /* sns_sampleTests */,
				2AD92E52293ED42D00CCB1F2 /* sns_sampleUITests */,
				2AD92E30293ED42B00CCB1F2 /* Products */,
			);
			sourceTree = "<group>";
		};
		2AD92E30293ED42B00CCB1F2 /* Products */ = {
			isa = PBXGroup;
			children = (
				2AD92E2F293ED42B00CCB1F2 /* sns_sample.app */,
				2AD92E45293ED42D00CCB1F2 /* sns_sampleTests.xctest */,
				2AD92E4F293ED42D00CCB1F2 /* sns_sampleUITests.xctest */,
			);
			name = Products;
			sourceTree = "<group>";
		};
		2AD92E31293ED42B00CCB1F2 /* sns_sample */ = {
			isa = PBXGroup;
			children = (
				2AD92E32293ED42B00CCB1F2 /* AppDelegate.swift */,
				2AD92E34293ED42B00CCB1F2 /* SceneDelegate.swift */,
				2AD92E36293ED42B00CCB1F2 /* ViewController.swift */,
				2AD92E73293F110F00CCB1F2 /* TopViewController.swift */,
				2AD92E38293ED42B00CCB1F2 /* Main.storyboard */,
				2AD92E3B293ED42D00CCB1F2 /* Assets.xcassets */,
				2AD92E3D293ED42D00CCB1F2 /* LaunchScreen.storyboard */,
				2AD92E40293ED42D00CCB1F2 /* Info.plist */,
				2AD92E62293ED85700CCB1F2 /* GoogleService-Info.plist */,
			);
			path = sns_sample;
			sourceTree = "<group>";
		};
		2AD92E48293ED42D00CCB1F2 /* sns_sampleTests */ = {
			isa = PBXGroup;
			children = (
				2AD92E49293ED42D00CCB1F2 /* sns_sampleTests.swift */,
			);
			path = sns_sampleTests;
			sourceTree = "<group>";
		};
		2AD92E52293ED42D00CCB1F2 /* sns_sampleUITests */ = {
			isa = PBXGroup;
			children = (
				2AD92E53293ED42D00CCB1F2 /* sns_sampleUITests.swift */,
				2AD92E55293ED42D00CCB1F2 /* sns_sampleUITestsLaunchTests.swift */,
			);
			path = sns_sampleUITests;
			sourceTree = "<group>";
		};
/* End PBXGroup section */

/* Begin PBXNativeTarget section */
		2AD92E2E293ED42B00CCB1F2 /* sns_sample */ = {
			isa = PBXNativeTarget;
			buildConfigurationList = 2AD92E59293ED42D00CCB1F2 /* Build configuration list for PBXNativeTarget "sns_sample" */;
			buildPhases = (
				2AD92E2B293ED42B00CCB1F2 /* Sources */,
				2AD92E2C293ED42B00CCB1F2 /* Frameworks */,
				2AD92E2D293ED42B00CCB1F2 /* Resources */,
			);
			buildRules = (
			);
			dependencies = (
			);
			name = sns_sample;
			packageProductDependencies = (
				2AD92E65293EDA3000CCB1F2 /* FirebaseAuth */,
				2AD92E67293EDA3000CCB1F2 /* FirebaseAuthCombine-Community */,
				2AD92E69293EDA3000CCB1F2 /* FirebaseFirestore */,
				2AD92E6B293EDA3000CCB1F2 /* FirebaseFirestoreCombine-Community */,
				2AD92E6D293EDA3000CCB1F2 /* FirebaseFirestoreSwift */,
				2AD92E6F293EDA3000CCB1F2 /* FirebaseStorage */,
				2AD92E71293EDA3000CCB1F2 /* FirebaseStorageCombine-Community */,
			);
			productName = sns_sample;
			productReference = 2AD92E2F293ED42B00CCB1F2 /* sns_sample.app */;
			productType = "com.apple.product-type.application";
		};
		2AD92E44293ED42D00CCB1F2 /* sns_sampleTests */ = {
			isa = PBXNativeTarget;
			buildConfigurationList = 2AD92E5C293ED42D00CCB1F2 /* Build configuration list for PBXNativeTarget "sns_sampleTests" */;
			buildPhases = (
				2AD92E41293ED42D00CCB1F2 /* Sources */,
				2AD92E42293ED42D00CCB1F2 /* Frameworks */,
				2AD92E43293ED42D00CCB1F2 /* Resources */,
			);
			buildRules = (
			);
			dependencies = (
				2AD92E47293ED42D00CCB1F2 /* PBXTargetDependency */,
			);
			name = sns_sampleTests;
			productName = sns_sampleTests;
			productReference = 2AD92E45293ED42D00CCB1F2 /* sns_sampleTests.xctest */;
			productType = "com.apple.product-type.bundle.unit-test";
		};
		2AD92E4E293ED42D00CCB1F2 /* sns_sampleUITests */ = {
			isa = PBXNativeTarget;
			buildConfigurationList = 2AD92E5F293ED42D00CCB1F2 /* Build configuration list for PBXNativeTarget "sns_sampleUITests" */;
			buildPhases = (
				2AD92E4B293ED42D00CCB1F2 /* Sources */,
				2AD92E4C293ED42D00CCB1F2 /* Frameworks */,
				2AD92E4D293ED42D00CCB1F2 /* Resources */,
			);
			buildRules = (
			);
			dependencies = (
				2AD92E51293ED42D00CCB1F2 /* PBXTargetDependency */,
			);
			name = sns_sampleUITests;
			productName = sns_sampleUITests;
			productReference = 2AD92E4F293ED42D00CCB1F2 /* sns_sampleUITests.xctest */;
			productType = "com.apple.product-type.bundle.ui-testing";
		};
/* End PBXNativeTarget section */

/* Begin PBXProject section */
		2AD92E27293ED42B00CCB1F2 /* Project object */ = {
			isa = PBXProject;
			attributes = {
				BuildIndependentTargetsInParallel = 1;
				LastSwiftUpdateCheck = 1410;
				LastUpgradeCheck = 1410;
				TargetAttributes = {
					2AD92E2E293ED42B00CCB1F2 = {
						CreatedOnToolsVersion = 14.1;
					};
					2AD92E44293ED42D00CCB1F2 = {
						CreatedOnToolsVersion = 14.1;
						TestTargetID = 2AD92E2E293ED42B00CCB1F2;
					};
					2AD92E4E293ED42D00CCB1F2 = {
						CreatedOnToolsVersion = 14.1;
						TestTargetID = 2AD92E2E293ED42B00CCB1F2;
					};
				};
			};
			buildConfigurationList = 2AD92E2A293ED42B00CCB1F2 /* Build configuration list for PBXProject "sns_sample" */;
			compatibilityVersion = "Xcode 14.0";
			developmentRegion = en;
			hasScannedForEncodings = 0;
			knownRegions = (
				en,
				Base,
			);
			mainGroup = 2AD92E26293ED42B00CCB1F2;
			packageReferences = (
				2AD92E64293EDA3000CCB1F2 /* XCRemoteSwiftPackageReference "firebase-ios-sdk" */,
			);
			productRefGroup = 2AD92E30293ED42B00CCB1F2 /* Products */;
			projectDirPath = "";
			projectRoot = "";
			targets = (
				2AD92E2E293ED42B00CCB1F2 /* sns_sample */,
				2AD92E44293ED42D00CCB1F2 /* sns_sampleTests */,
				2AD92E4E293ED42D00CCB1F2 /* sns_sampleUITests */,
			);
		};
/* End PBXProject section */

/* Begin PBXResourcesBuildPhase section */
		2AD92E2D293ED42B00CCB1F2 /* Resources */ = {
			isa = PBXResourcesBuildPhase;
			buildActionMask = 2147483647;
			files = (
				2AD92E3F293ED42D00CCB1F2 /* LaunchScreen.storyboard in Resources */,
				2AD92E63293ED85700CCB1F2 /* GoogleService-Info.plist in Resources */,
				2AD92E3C293ED42D00CCB1F2 /* Assets.xcassets in Resources */,
				2AD92E3A293ED42B00CCB1F2 /* Main.storyboard in Resources */,
			);
			runOnlyForDeploymentPostprocessing = 0;
		};
		2AD92E43293ED42D00CCB1F2 /* Resources */ = {
			isa = PBXResourcesBuildPhase;
			buildActionMask = 2147483647;
			files = (
			);
			runOnlyForDeploymentPostprocessing = 0;
		};
		2AD92E4D293ED42D00CCB1F2 /* Resources */ = {
			isa = PBXResourcesBuildPhase;
			buildActionMask = 2147483647;
			files = (
			);
			runOnlyForDeploymentPostprocessing = 0;
		};
/* End PBXResourcesBuildPhase section */

/* Begin PBXSourcesBuildPhase section */
		2AD92E2B293ED42B00CCB1F2 /* Sources */ = {
			isa = PBXSourcesBuildPhase;
			buildActionMask = 2147483647;
			files = (
				2AD92E74293F110F00CCB1F2 /* TopViewController.swift in Sources */,
				2AD92E37293ED42B00CCB1F2 /* ViewController.swift in Sources */,
				2AD92E33293ED42B00CCB1F2 /* AppDelegate.swift in Sources */,
				2AD92E35293ED42B00CCB1F2 /* SceneDelegate.swift in Sources */,
			);
			runOnlyForDeploymentPostprocessing = 0;
		};
		2AD92E41293ED42D00CCB1F2 /* Sources */ = {
			isa = PBXSourcesBuildPhase;
			buildActionMask = 2147483647;
			files = (
				2AD92E4A293ED42D00CCB1F2 /* sns_sampleTests.swift in Sources */,
			);
			runOnlyForDeploymentPostprocessing = 0;
		};
		2AD92E4B293ED42D00CCB1F2 /* Sources */ = {
			isa = PBXSourcesBuildPhase;
			buildActionMask = 2147483647;
			files = (
				2AD92E54293ED42D00CCB1F2 /* sns_sampleUITests.swift in Sources */,
				2AD92E56293ED42D00CCB1F2 /* sns_sampleUITestsLaunchTests.swift in Sources */,
			);
			runOnlyForDeploymentPostprocessing = 0;
		};
/* End PBXSourcesBuildPhase section */

/* Begin PBXTargetDependency section */
		2AD92E47293ED42D00CCB1F2 /* PBXTargetDependency */ = {
			isa = PBXTargetDependency;
			target = 2AD92E2E293ED42B00CCB1F2 /* sns_sample */;
			targetProxy = 2AD92E46293ED42D00CCB1F2 /* PBXContainerItemProxy */;
		};
		2AD92E51293ED42D00CCB1F2 /* PBXTargetDependency */ = {
			isa = PBXTargetDependency;
			target = 2AD92E2E293ED42B00CCB1F2 /* sns_sample */;
			targetProxy = 2AD92E50293ED42D00CCB1F2 /* PBXContainerItemProxy */;
		};
/* End PBXTargetDependency section */

/* Begin PBXVariantGroup section */
		2AD92E38293ED42B00CCB1F2 /* Main.storyboard */ = {
			isa = PBXVariantGroup;
			children = (
				2AD92E39293ED42B00CCB1F2 /* Base */,
			);
			name = Main.storyboard;
			sourceTree = "<group>";
		};
		2AD92E3D293ED42D00CCB1F2 /* LaunchScreen.storyboard */ = {
			isa = PBXVariantGroup;
			children = (
				2AD92E3E293ED42D00CCB1F2 /* Base */,
			);
			name = LaunchScreen.storyboard;
			sourceTree = "<group>";
		};
/* End PBXVariantGroup section */

/* Begin XCBuildConfiguration section */
		2AD92E57293ED42D00CCB1F2 /* Debug */ = {
			isa = XCBuildConfiguration;
			buildSettings = {
				ALWAYS_SEARCH_USER_PATHS = NO;
				CLANG_ANALYZER_NONNULL = YES;
				CLANG_ANALYZER_NUMBER_OBJECT_CONVERSION = YES_AGGRESSIVE;
				CLANG_CXX_LANGUAGE_STANDARD = "gnu++20";
				CLANG_ENABLE_MODULES = YES;
				CLANG_ENABLE_OBJC_ARC = YES;
				CLANG_ENABLE_OBJC_WEAK = YES;
				CLANG_WARN_BLOCK_CAPTURE_AUTORELEASING = YES;
				CLANG_WARN_BOOL_CONVERSION = YES;
				CLANG_WARN_COMMA = YES;
				CLANG_WARN_CONSTANT_CONVERSION = YES;
				CLANG_WARN_DEPRECATED_OBJC_IMPLEMENTATIONS = YES;
				CLANG_WARN_DIRECT_OBJC_ISA_USAGE = YES_ERROR;
				CLANG_WARN_DOCUMENTATION_COMMENTS = YES;
				CLANG_WARN_EMPTY_BODY = YES;
				CLANG_WARN_ENUM_CONVERSION = YES;
				CLANG_WARN_INFINITE_RECURSION = YES;
				CLANG_WARN_INT_CONVERSION = YES;
				CLANG_WARN_NON_LITERAL_NULL_CONVERSION = YES;
				CLANG_WARN_OBJC_IMPLICIT_RETAIN_SELF = YES;
				CLANG_WARN_OBJC_LITERAL_CONVERSION = YES;
				CLANG_WARN_OBJC_ROOT_CLASS = YES_ERROR;
				CLANG_WARN_QUOTED_INCLUDE_IN_FRAMEWORK_HEADER = YES;
				CLANG_WARN_RANGE_LOOP_ANALYSIS = YES;
				CLANG_WARN_STRICT_PROTOTYPES = YES;
				CLANG_WARN_SUSPICIOUS_MOVE = YES;
				CLANG_WARN_UNGUARDED_AVAILABILITY = YES_AGGRESSIVE;
				CLANG_WARN_UNREACHABLE_CODE = YES;
				CLANG_WARN__DUPLICATE_METHOD_MATCH = YES;
				COPY_PHASE_STRIP = NO;
				DEBUG_INFORMATION_FORMAT = dwarf;
				ENABLE_STRICT_OBJC_MSGSEND = YES;
				ENABLE_TESTABILITY = YES;
				GCC_C_LANGUAGE_STANDARD = gnu11;
				GCC_DYNAMIC_NO_PIC = NO;
				GCC_NO_COMMON_BLOCKS = YES;
				GCC_OPTIMIZATION_LEVEL = 0;
				GCC_PREPROCESSOR_DEFINITIONS = (
					"DEBUG=1",
					"$(inherited)",
				);
				GCC_WARN_64_TO_32_BIT_CONVERSION = YES;
				GCC_WARN_ABOUT_RETURN_TYPE = YES_ERROR;
				GCC_WARN_UNDECLARED_SELECTOR = YES;
				GCC_WARN_UNINITIALIZED_AUTOS = YES_AGGRESSIVE;
				GCC_WARN_UNUSED_FUNCTION = YES;
				GCC_WARN_UNUSED_VARIABLE = YES;
				IPHONEOS_DEPLOYMENT_TARGET = 16.1;
				MTL_ENABLE_DEBUG_INFO = INCLUDE_SOURCE;
				MTL_FAST_MATH = YES;
				ONLY_ACTIVE_ARCH = YES;
				SDKROOT = iphoneos;
				SWIFT_ACTIVE_COMPILATION_CONDITIONS = DEBUG;
				SWIFT_OPTIMIZATION_LEVEL = "-Onone";
			};
			name = Debug;
		};
		2AD92E58293ED42D00CCB1F2 /* Release */ = {
			isa = XCBuildConfiguration;
			buildSettings = {
				ALWAYS_SEARCH_USER_PATHS = NO;
				CLANG_ANALYZER_NONNULL = YES;
				CLANG_ANALYZER_NUMBER_OBJECT_CONVERSION = YES_AGGRESSIVE;
				CLANG_CXX_LANGUAGE_STANDARD = "gnu++20";
				CLANG_ENABLE_MODULES = YES;
				CLANG_ENABLE_OBJC_ARC = YES;
				CLANG_ENABLE_OBJC_WEAK = YES;
				CLANG_WARN_BLOCK_CAPTURE_AUTORELEASING = YES;
				CLANG_WARN_BOOL_CONVERSION = YES;
				CLANG_WARN_COMMA = YES;
				CLANG_WARN_CONSTANT_CONVERSION = YES;
				CLANG_WARN_DEPRECATED_OBJC_IMPLEMENTATIONS = YES;
				CLANG_WARN_DIRECT_OBJC_ISA_USAGE = YES_ERROR;
				CLANG_WARN_DOCUMENTATION_COMMENTS = YES;
				CLANG_WARN_EMPTY_BODY = YES;
				CLANG_WARN_ENUM_CONVERSION = YES;
				CLANG_WARN_INFINITE_RECURSION = YES;
				CLANG_WARN_INT_CONVERSION = YES;
				CLANG_WARN_NON_LITERAL_NULL_CONVERSION = YES;
				CLANG_WARN_OBJC_IMPLICIT_RETAIN_SELF = YES;
				CLANG_WARN_OBJC_LITERAL_CONVERSION = YES;
				CLANG_WARN_OBJC_ROOT_CLASS = YES_ERROR;
				CLANG_WARN_QUOTED_INCLUDE_IN_FRAMEWORK_HEADER = YES;
				CLANG_WARN_RANGE_LOOP_ANALYSIS = YES;
				CLANG_WARN_STRICT_PROTOTYPES = YES;
				CLANG_WARN_SUSPICIOUS_MOVE = YES;
				CLANG_WARN_UNGUARDED_AVAILABILITY = YES_AGGRESSIVE;
				CLANG_WARN_UNREACHABLE_CODE = YES;
				CLANG_WARN__DUPLICATE_METHOD_MATCH = YES;
				COPY_PHASE_STRIP = NO;
				DEBUG_INFORMATION_FORMAT = "dwarf-with-dsym";
				ENABLE_NS_ASSERTIONS = NO;
				ENABLE_STRICT_OBJC_MSGSEND = YES;
				GCC_C_LANGUAGE_STANDARD = gnu11;
				GCC_NO_COMMON_BLOCKS = YES;
				GCC_WARN_64_TO_32_BIT_CONVERSION = YES;
				GCC_WARN_ABOUT_RETURN_TYPE = YES_ERROR;
				GCC_WARN_UNDECLARED_SELECTOR = YES;
				GCC_WARN_UNINITIALIZED_AUTOS = YES_AGGRESSIVE;
				GCC_WARN_UNUSED_FUNCTION = YES;
				GCC_WARN_UNUSED_VARIABLE = YES;
				IPHONEOS_DEPLOYMENT_TARGET = 16.1;
				MTL_ENABLE_DEBUG_INFO = NO;
				MTL_FAST_MATH = YES;
				SDKROOT = iphoneos;
				SWIFT_COMPILATION_MODE = wholemodule;
				SWIFT_OPTIMIZATION_LEVEL = "-O";
				VALIDATE_PRODUCT = YES;
			};
			name = Release;
		};
		2AD92E5A293ED42D00CCB1F2 /* Debug */ = {
			isa = XCBuildConfiguration;
			buildSettings = {
				ASSETCATALOG_COMPILER_APPICON_NAME = AppIcon;
				ASSETCATALOG_COMPILER_GLOBAL_ACCENT_COLOR_NAME = AccentColor;
				CODE_SIGN_STYLE = Automatic;
				CURRENT_PROJECT_VERSION = 1;
				DEVELOPMENT_TEAM = 2DF7L8MJC8;
				GENERATE_INFOPLIST_FILE = YES;
				INFOPLIST_FILE = sns_sample/Info.plist;
				INFOPLIST_KEY_UIApplicationSupportsIndirectInputEvents = YES;
				INFOPLIST_KEY_UILaunchStoryboardName = LaunchScreen;
				INFOPLIST_KEY_UIMainStoryboardFile = Main;
				INFOPLIST_KEY_UISupportedInterfaceOrientations_iPad = "UIInterfaceOrientationPortrait UIInterfaceOrientationPortraitUpsideDown UIInterfaceOrientationLandscapeLeft UIInterfaceOrientationLandscapeRight";
				INFOPLIST_KEY_UISupportedInterfaceOrientations_iPhone = "UIInterfaceOrientationPortrait UIInterfaceOrientationLandscapeLeft UIInterfaceOrientationLandscapeRight";
				LD_RUNPATH_SEARCH_PATHS = (
					"$(inherited)",
					"@executable_path/Frameworks",
				);
				MARKETING_VERSION = 1.0;
				PRODUCT_BUNDLE_IDENTIFIER = "com.tororo.ohashi.sns-sample";
				PRODUCT_NAME = "$(TARGET_NAME)";
				SWIFT_EMIT_LOC_STRINGS = YES;
				SWIFT_VERSION = 5.0;
				TARGETED_DEVICE_FAMILY = "1,2";
			};
			name = Debug;
		};
		2AD92E5B293ED42D00CCB1F2 /* Release */ = {
			isa = XCBuildConfiguration;
			buildSettings = {
				ASSETCATALOG_COMPILER_APPICON_NAME = AppIcon;
				ASSETCATALOG_COMPILER_GLOBAL_ACCENT_COLOR_NAME = AccentColor;
				CODE_SIGN_STYLE = Automatic;
				CURRENT_PROJECT_VERSION = 1;
				DEVELOPMENT_TEAM = 2DF7L8MJC8;
				GENERATE_INFOPLIST_FILE = YES;
				INFOPLIST_FILE = sns_sample/Info.plist;
				INFOPLIST_KEY_UIApplicationSupportsIndirectInputEvents = YES;
				INFOPLIST_KEY_UILaunchStoryboardName = LaunchScreen;
				INFOPLIST_KEY_UIMainStoryboardFile = Main;
				INFOPLIST_KEY_UISupportedInterfaceOrientations_iPad = "UIInterfaceOrientationPortrait UIInterfaceOrientationPortraitUpsideDown UIInterfaceOrientationLandscapeLeft UIInterfaceOrientationLandscapeRight";
				INFOPLIST_KEY_UISupportedInterfaceOrientations_iPhone = "UIInterfaceOrientationPortrait UIInterfaceOrientationLandscapeLeft UIInterfaceOrientationLandscapeRight";
				LD_RUNPATH_SEARCH_PATHS = (
					"$(inherited)",
					"@executable_path/Frameworks",
				);
				MARKETING_VERSION = 1.0;
				PRODUCT_BUNDLE_IDENTIFIER = "com.tororo.ohashi.sns-sample";
				PRODUCT_NAME = "$(TARGET_NAME)";
				SWIFT_EMIT_LOC_STRINGS = YES;
				SWIFT_VERSION = 5.0;
				TARGETED_DEVICE_FAMILY = "1,2";
			};
			name = Release;
		};
		2AD92E5D293ED42D00CCB1F2 /* Debug */ = {
			isa = XCBuildConfiguration;
			buildSettings = {
				ALWAYS_EMBED_SWIFT_STANDARD_LIBRARIES = YES;
				BUNDLE_LOADER = "$(TEST_HOST)";
				CODE_SIGN_STYLE = Automatic;
				CURRENT_PROJECT_VERSION = 1;
				DEVELOPMENT_TEAM = 2DF7L8MJC8;
				GENERATE_INFOPLIST_FILE = YES;
				IPHONEOS_DEPLOYMENT_TARGET = 16.1;
				MARKETING_VERSION = 1.0;
				PRODUCT_BUNDLE_IDENTIFIER = "com.tororo.ohashi.sns-sampleTests";
				PRODUCT_NAME = "$(TARGET_NAME)";
				SWIFT_EMIT_LOC_STRINGS = NO;
				SWIFT_VERSION = 5.0;
				TARGETED_DEVICE_FAMILY = "1,2";
				TEST_HOST = "$(BUILT_PRODUCTS_DIR)/sns_sample.app/$(BUNDLE_EXECUTABLE_FOLDER_PATH)/sns_sample";
			};
			name = Debug;
		};
		2AD92E5E293ED42D00CCB1F2 /* Release */ = {
			isa = XCBuildConfiguration;
			buildSettings = {
				ALWAYS_EMBED_SWIFT_STANDARD_LIBRARIES = YES;
				BUNDLE_LOADER = "$(TEST_HOST)";
				CODE_SIGN_STYLE = Automatic;
				CURRENT_PROJECT_VERSION = 1;
				DEVELOPMENT_TEAM = 2DF7L8MJC8;
				GENERATE_INFOPLIST_FILE = YES;
				IPHONEOS_DEPLOYMENT_TARGET = 16.1;
				MARKETING_VERSION = 1.0;
				PRODUCT_BUNDLE_IDENTIFIER = "com.tororo.ohashi.sns-sampleTests";
				PRODUCT_NAME = "$(TARGET_NAME)";
				SWIFT_EMIT_LOC_STRINGS = NO;
				SWIFT_VERSION = 5.0;
				TARGETED_DEVICE_FAMILY = "1,2";
				TEST_HOST = "$(BUILT_PRODUCTS_DIR)/sns_sample.app/$(BUNDLE_EXECUTABLE_FOLDER_PATH)/sns_sample";
			};
			name = Release;
		};
		2AD92E60293ED42D00CCB1F2 /* Debug */ = {
			isa = XCBuildConfiguration;
			buildSettings = {
				ALWAYS_EMBED_SWIFT_STANDARD_LIBRARIES = YES;
				CODE_SIGN_STYLE = Automatic;
				CURRENT_PROJECT_VERSION = 1;
				DEVELOPMENT_TEAM = 2DF7L8MJC8;
				GENERATE_INFOPLIST_FILE = YES;
				MARKETING_VERSION = 1.0;
				PRODUCT_BUNDLE_IDENTIFIER = "com.tororo.ohashi.sns-sampleUITests";
				PRODUCT_NAME = "$(TARGET_NAME)";
				SWIFT_EMIT_LOC_STRINGS = NO;
				SWIFT_VERSION = 5.0;
				TARGETED_DEVICE_FAMILY = "1,2";
				TEST_TARGET_NAME = sns_sample;
			};
			name = Debug;
		};
		2AD92E61293ED42D00CCB1F2 /* Release */ = {
			isa = XCBuildConfiguration;
			buildSettings = {
				ALWAYS_EMBED_SWIFT_STANDARD_LIBRARIES = YES;
				CODE_SIGN_STYLE = Automatic;
				CURRENT_PROJECT_VERSION = 1;
				DEVELOPMENT_TEAM = 2DF7L8MJC8;
				GENERATE_INFOPLIST_FILE = YES;
				MARKETING_VERSION = 1.0;
				PRODUCT_BUNDLE_IDENTIFIER = "com.tororo.ohashi.sns-sampleUITests";
				PRODUCT_NAME = "$(TARGET_NAME)";
				SWIFT_EMIT_LOC_STRINGS = NO;
				SWIFT_VERSION = 5.0;
				TARGETED_DEVICE_FAMILY = "1,2";
				TEST_TARGET_NAME = sns_sample;
			};
			name = Release;
		};
/* End XCBuildConfiguration section */

/* Begin XCConfigurationList section */
		2AD92E2A293ED42B00CCB1F2 /* Build configuration list for PBXProject "sns_sample" */ = {
			isa = XCConfigurationList;
			buildConfigurations = (
				2AD92E57293ED42D00CCB1F2 /* Debug */,
				2AD92E58293ED42D00CCB1F2 /* Release */,
			);
			defaultConfigurationIsVisible = 0;
			defaultConfigurationName = Release;
		};
		2AD92E59293ED42D00CCB1F2 /* Build configuration list for PBXNativeTarget "sns_sample" */ = {
			isa = XCConfigurationList;
			buildConfigurations = (
				2AD92E5A293ED42D00CCB1F2 /* Debug */,
				2AD92E5B293ED42D00CCB1F2 /* Release */,
			);
			defaultConfigurationIsVisible = 0;
			defaultConfigurationName = Release;
		};
		2AD92E5C293ED42D00CCB1F2 /* Build configuration list for PBXNativeTarget "sns_sampleTests" */ = {
			isa = XCConfigurationList;
			buildConfigurations = (
				2AD92E5D293ED42D00CCB1F2 /* Debug */,
				2AD92E5E293ED42D00CCB1F2 /* Release */,
			);
			defaultConfigurationIsVisible = 0;
			defaultConfigurationName = Release;
		};
		2AD92E5F293ED42D00CCB1F2 /* Build configuration list for PBXNativeTarget "sns_sampleUITests" */ = {
			isa = XCConfigurationList;
			buildConfigurations = (
				2AD92E60293ED42D00CCB1F2 /* Debug */,
				2AD92E61293ED42D00CCB1F2 /* Release */,
			);
			defaultConfigurationIsVisible = 0;
			defaultConfigurationName = Release;
		};
/* End XCConfigurationList section */

/* Begin XCRemoteSwiftPackageReference section */
		2AD92E64293EDA3000CCB1F2 /* XCRemoteSwiftPackageReference "firebase-ios-sdk" */ = {
			isa = XCRemoteSwiftPackageReference;
			repositoryURL = "https://github.com/firebase/firebase-ios-sdk";
			requirement = {
				branch = master;
				kind = branch;
			};
		};
/* End XCRemoteSwiftPackageReference section */

/* Begin XCSwiftPackageProductDependency section */
		2AD92E65293EDA3000CCB1F2 /* FirebaseAuth */ = {
			isa = XCSwiftPackageProductDependency;
			package = 2AD92E64293EDA3000CCB1F2 /* XCRemoteSwiftPackageReference "firebase-ios-sdk" */;
			productName = FirebaseAuth;
		};
		2AD92E67293EDA3000CCB1F2 /* FirebaseAuthCombine-Community */ = {
			isa = XCSwiftPackageProductDependency;
			package = 2AD92E64293EDA3000CCB1F2 /* XCRemoteSwiftPackageReference "firebase-ios-sdk" */;
			productName = "FirebaseAuthCombine-Community";
		};
		2AD92E69293EDA3000CCB1F2 /* FirebaseFirestore */ = {
			isa = XCSwiftPackageProductDependency;
			package = 2AD92E64293EDA3000CCB1F2 /* XCRemoteSwiftPackageReference "firebase-ios-sdk" */;
			productName = FirebaseFirestore;
		};
		2AD92E6B293EDA3000CCB1F2 /* FirebaseFirestoreCombine-Community */ = {
			isa = XCSwiftPackageProductDependency;
			package = 2AD92E64293EDA3000CCB1F2 /* XCRemoteSwiftPackageReference "firebase-ios-sdk" */;
			productName = "FirebaseFirestoreCombine-Community";
		};
		2AD92E6D293EDA3000CCB1F2 /* FirebaseFirestoreSwift */ = {
			isa = XCSwiftPackageProductDependency;
			package = 2AD92E64293EDA3000CCB1F2 /* XCRemoteSwiftPackageReference "firebase-ios-sdk" */;
			productName = FirebaseFirestoreSwift;
		};
		2AD92E6F293EDA3000CCB1F2 /* FirebaseStorage */ = {
			isa = XCSwiftPackageProductDependency;
			package = 2AD92E64293EDA3000CCB1F2 /* XCRemoteSwiftPackageReference "firebase-ios-sdk" */;
			productName = FirebaseStorage;
		};
		2AD92E71293EDA3000CCB1F2 /* FirebaseStorageCombine-Community */ = {
			isa = XCSwiftPackageProductDependency;
			package = 2AD92E64293EDA3000CCB1F2 /* XCRemoteSwiftPackageReference "firebase-ios-sdk" */;
			productName = "FirebaseStorageCombine-Community";
		};
/* End XCSwiftPackageProductDependency section */
	};
	rootObject = 2AD92E27293ED42B00CCB1F2 /* Project object */;
}
